
Microsoft Visual Studio Solution File, Format Version 12.00
# Visual Studio Version 17
VisualStudioVersion = 17.5.33516.290
MinimumVisualStudioVersion = 10.0.40219.1
Project("{9A19103F-16F7-4668-BE54-9A1E7A4F7556}") = "Neeger Dynamics e Technologies", "Neeger Dynamics e Technologies\Neeger Dynamics e Technologies.csproj", "{FA5F8301-D743-4FF7-BF00-1CE514398640}"
EndProject
Project("{2150E333-8FDC-42A3-9474-1A3956D46DE8}") = "1 - Web", "1 - Web", "{2A14F9DA-1B6B-47D1-B163-6B87E087A1D9}"
EndProject
Project("{2150E333-8FDC-42A3-9474-1A3956D46DE8}") = "2 - Application", "2 - Application", "{B4F78C8E-5C84-4464-AF7C-3CE280905E62}"
EndProject
Project("{2150E333-8FDC-42A3-9474-1A3956D46DE8}") = "3 - Model", "3 - Model", "{2E450BF4-F0BC-4903-A1AB-3A93D03D9448}"
EndProject
Project("{2150E333-8FDC-42A3-9474-1A3956D46DE8}") = "4 - Infra", "4 - Infra", "{2D2C237B-E6C5-413F-A856-FE0F77A767FE}"
EndProject
Project("{FAE04EC0-301F-11D3-BF4B-00C04F79EFBC}") = "Neeger Dynamics e Technologies.application", "Neeger Dynamics e Technologies.application\Neeger Dynamics e Technologies.application.csproj", "{AC99951D-068C-4781-AE87-ADA5C8A7D5AB}"
EndProject
Project("{FAE04EC0-301F-11D3-BF4B-00C04F79EFBC}") = "Neeger Dunamics e Technologies.Domain", "Neeger Dunamics e Technologies.Domain\Neeger Dunamics e Technologies.Domain.csproj", "{1B3B2F0C-B729-4D9D-8139-E3BDA3E83583}"
EndProject
Project("{FAE04EC0-301F-11D3-BF4B-00C04F79EFBC}") = "Neeger Dunamics e Technologies.Infra", "Neeger Dunamics e Technologies.Infra\Neeger Dunamics e Technologies.Infra.csproj", "{2CEC7967-4C0D-40EC-8476-E158E990BC86}"
EndProject
Global
	GlobalSection(SolutionConfigurationPlatforms) = preSolution
		Debug|Any CPU = Debug|Any CPU
		Release|Any CPU = Release|Any CPU
	EndGlobalSection
	GlobalSection(ProjectConfigurationPlatforms) = postSolution
		{FA5F8301-D743-4FF7-BF00-1CE514398640}.Debug|Any CPU.ActiveCfg = Debug|Any CPU
		{FA5F8301-D743-4FF7-BF00-1CE514398640}.Debug|Any CPU.Build.0 = Debug|Any CPU
		{FA5F8301-D743-4FF7-BF00-1CE514398640}.Release|Any CPU.ActiveCfg = Release|Any CPU
		{FA5F8301-D743-4FF7-BF00-1CE514398640}.Release|Any CPU.Build.0 = Release|Any CPU
		{AC99951D-068C-4781-AE87-ADA5C8A7D5AB}.Debug|Any CPU.ActiveCfg = Debug|Any CPU
		{AC99951D-068C-4781-AE87-ADA5C8A7D5AB}.Debug|Any CPU.Build.0 = Debug|Any CPU
		{AC99951D-068C-4781-AE87-ADA5C8A7D5AB}.Release|Any CPU.ActiveCfg = Release|Any CPU
		{AC99951D-068C-4781-AE87-ADA5C8A7D5AB}.Release|Any CPU.Build.0 = Release|Any CPU
		{1B3B2F0C-B729-4D9D-8139-E3BDA3E83583}.Debug|Any CPU.ActiveCfg = Debug|Any CPU
		{1B3B2F0C-B729-4D9D-8139-E3BDA3E83583}.Debug|Any CPU.Build.0 = Debug|Any CPU
		{1B3B2F0C-B729-4D9D-8139-E3BDA3E83583}.Release|Any CPU.ActiveCfg = Release|Any CPU
		{1B3B2F0C-B729-4D9D-8139-E3BDA3E83583}.Release|Any CPU.Build.0 = Release|Any CPU
		{2CEC7967-4C0D-40EC-8476-E158E990BC86}.Debug|Any CPU.ActiveCfg = Debug|Any CPU
		{2CEC7967-4C0D-40EC-8476-E158E990BC86}.Debug|Any CPU.Build.0 = Debug|Any CPU
		{2CEC7967-4C0D-40EC-8476-E158E990BC86}.Release|Any CPU.ActiveCfg = Release|Any CPU
		{2CEC7967-4C0D-40EC-8476-E158E990BC86}.Release|Any CPU.Build.0 = Release|Any CPU
	EndGlobalSection
	GlobalSection(SolutionProperties) = preSolution
		HideSolutionNode = FALSE
	EndGlobalSection
	GlobalSection(NestedProjects) = preSolution
		{FA5F8301-D743-4FF7-BF00-1CE514398640} = {2A14F9DA-1B6B-47D1-B163-6B87E087A1D9}
		{AC99951D-068C-4781-AE87-ADA5C8A7D5AB} = {B4F78C8E-5C84-4464-AF7C-3CE280905E62}
		{1B3B2F0C-B729-4D9D-8139-E3BDA3E83583} = {2E450BF4-F0BC-4903-A1AB-3A93D03D9448}
		{2CEC7967-4C0D-40EC-8476-E158E990BC86} = {2D2C237B-E6C5-413F-A856-FE0F77A767FE}
	EndGlobalSection
	GlobalSection(ExtensibilityGlobals) = postSolution
		SolutionGuid = {BB3A00FB-325F-47A1-B696-286ED07C65D6}
	EndGlobalSection
EndGlobal
